{
  "nodes": {
    "logos-cpp-sdk": {
      "inputs": {
        "logos-lidl": "logos-lidl",
        "logos-nix": [
          "logos-nix"
        ],
        "logos-protocol": "logos-protocol",
        "nixpkgs": [
          "logos-cpp-sdk",
          "logos-nix",
          "nixpkgs"
        ]
      },
      "locked": {
        "lastModified": 1786467089,
        "narHash": "sha256-225xM64Ym9loeIOgS8W3Qc0iKHtpLbQVAaO9ppBpLQc=",
        "owner": "logos-co",
        "repo": "logos-cpp-sdk",
        "rev": "e3744fb84ceff2dc7cb1630a1301bb93c64d7a8a",
        "type": "github"
      },
      "original": {
        "owner": "logos-co",
        "repo": "logos-cpp-sdk",
        "type": "github"
      }
    },
    "logos-lidl": {
      "inputs": {
        "logos-nix": [
          "logos-cpp-sdk",
          "logos-nix"
        ],
        "nixpkgs": [
          "logos-cpp-sdk",
          "logos-lidl",
          "logos-nix",
          "nixpkgs"
        ]
      },
      "locked": {
        "lastModified": 1786415321,
        "narHash": "sha256-Oe98SavQSVGBIY7WIc8RQ5l+Bl4KLsdmjb+PyscfdNw=",
        "owner": "logos-co",
        "repo": "logos-lidl",
        "rev": "ffeebf2e90fa0c65e8c486988271fe0ca029d1e1",
        "type": "github"
      },
      "original": {
        "owner": "logos-co",
        "repo": "logos-lidl",
        "type": "github"
      }
    },
    "logos-lidl_2": {
      "inputs": {
        "logos-nix": [
          "logos-plugin-qt",
          "logos-nix"
        ],
        "nixpkgs": [
          "logos-plugin-qt",
          "logos-lidl",
          "logos-nix",
          "nixpkgs"
        ]
      },
      "locked": {
        "lastModified": 1787248041,
        "narHash": "sha256-WHmisUvYA8DQ2ZxSF2mM2INTEuxfyF07ypPOf+lOik4=",
        "owner": "logos-co",
        "repo": "logos-lidl",
        "rev": "ae3ffe0fe9e7e020dc259208a67ca8823fcab93a",
        "type": "github"
      },
      "original": {
        "owner": "logos-co",
        "repo": "logos-lidl",
        "type": "github"
      }
    },
    "logos-module": {
      "inputs": {
        "logos-nix": "logos-nix_2",
        "nixpkgs": [
          "logos-plugin-qt",
          "logos-module",
          "logos-nix",
          "nixpkgs"
        ]
      },
      "locked": {
        "lastModified": 1786415910,
        "narHash": "sha256-7zcTkY6r0iXXaFnZaWKNBMHh53RkQh2P455421TX7Gk=",
        "owner": "logos-co",
        "repo": "logos-module",
        "rev": "9812dc8c69cfbfed3eea06510a5c1ff33c1fcf7f",
        "type": "github"
      },
      "original": {
        "owner": "logos-co",
        "repo": "logos-module",
        "type": "github"
      }
    },
    "logos-nix": {
      "inputs": {
        "nixpkgs": "nixpkgs",
        "nixpkgs-windows": "nixpkgs-windows"
      },
      "locked": {
        "lastModified": 1789148476,
        "narHash": "sha256-NOp+7mpWosbOtxnixhe+NuU6aAIrvFu4Xn+j2CmHaqA=",
        "owner": "logos-fleet",
        "repo": "logos-nix",
        "rev": "53acb6cd780655835de77a88a1bfbc82b532335c",
        "type": "github"
      },
      "original": {
        "owner": "logos-co",
        "repo": "logos-nix",
        "type": "github"
      }
    },
    "logos-nix_2": {
      "inputs": {
        "nixpkgs": "nixpkgs_2",
        "nixpkgs-windows": "nixpkgs-windows_2"
      },
      "locked": {
        "lastModified": 1786399295,
        "narHash": "sha256-Bl1A0UgsIXioZw5uEW8Jl5u7FfZcFMnpYlpsdezFwK0=",
        "owner": "logos-co",
        "repo": "logos-nix",
        "rev": "6e0f4a7120fced10829b0b3a698ff619a11d4605",
        "type": "github"
      },
      "original": {
        "owner": "logos-co",
        "repo": "logos-nix",
        "type": "github"
      }
    },
    "logos-plugin-qt": {
      "inputs": {
        "logos-lidl": "logos-lidl_2",
        "logos-module": "logos-module",
        "logos-nix": [
          "logos-nix"
        ],
        "logos-protocol": [
          "logos-protocol"
        ],
        "nixpkgs": [
          "nixpkgs"
        ]
      },
      "locked": {
        "lastModified": 1788377387,
        "narHash": "sha256-C7qFhnU1glCE1hgrgKkZEjvJwUqcaAfvgY46gZBjuoA=",
        "owner": "logos-co",
        "repo": "logos-plugin-qt",
        "rev": "6990e588c4ef127c7ed1810814fd0c2f6fad880b",
        "type": "github"
      },
      "original": {
        "owner": "logos-co",
        "repo": "logos-plugin-qt",
        "type": "github"
      }
    },
    "logos-protocol": {
      "inputs": {
        "logos-nix": [
          "logos-cpp-sdk",
          "logos-nix"
        ],
        "nixpkgs": [
          "logos-cpp-sdk",
          "logos-protocol",
          "logos-nix",
          "nixpkgs"
        ]
      },
      "locked": {
        "lastModified": 1786452265,
        "narHash": "sha256-yEBT+tG6jD26tcVixy3OYGO+gYmcyzrwR5uZVGqVTOs=",
        "owner": "logos-co",
        "repo": "logos-protocol",
        "rev": "03842db5c1496f5ab29ba35ac0016b6b1f5048ba",
        "type": "github"
      },
      "original": {
        "owner": "logos-co",
        "repo": "logos-protocol",
        "type": "github"
      }
    },
    "logos-protocol_2": {
      "inputs": {
        "logos-nix": [
          "logos-nix"
        ],
        "nixpkgs": [
          "nixpkgs"
        ]
      },
      "locked": {
        "lastModified": 1788870198,
        "narHash": "sha256-VNpIg41IEeJZQkTHFld83DOViSs33vrfE6a8P79YsKU=",
        "owner": "logos-co",
        "repo": "logos-protocol",
        "rev": "463863446894764e21dafee34268cbfc1048c64b",
        "type": "github"
      },
      "original": {
        "owner": "logos-co",
        "repo": "logos-protocol",
        "type": "github"
      }
    },
    "nixpkgs": {
      "locked": {
        "lastModified": 1759036355,
        "narHash": "sha256-0m27AKv6ka+q270dw48KflE0LwQYrO7Fm4/2//KCVWg=",
        "owner": "NixOS",
        "repo": "nixpkgs",
        "rev": "e9f00bd893984bc8ce46c895c3bf7cac95331127",
        "type": "github"
      },
      "original": {
        "owner": "NixOS",
        "ref": "nixos-unstable",
        "repo": "nixpkgs",
        "type": "github"
      }
    },
    "nixpkgs-windows": {
      "locked": {
        "lastModified": 1782723713,
        "narHash": "sha256-oPXCU/SSUokcGaJREHibG1CBX3+s/W7orDWQOZDsEeQ=",
        "owner": "NixOS",
        "repo": "nixpkgs",
        "rev": "b5aa0fbd538984f6e3d201be0005b4463d8b09f8",
        "type": "github"
      },
      "original": {
        "owner": "NixOS",
        "repo": "nixpkgs",
        "rev": "b5aa0fbd538984f6e3d201be0005b4463d8b09f8",
        "type": "github"
      }
    },
    "nixpkgs-windows_2": {
      "locked": {
        "lastModified": 1782723713,
        "narHash": "sha256-oPXCU/SSUokcGaJREHibG1CBX3+s/W7orDWQOZDsEeQ=",
        "owner": "NixOS",
        "repo": "nixpkgs",
        "rev": "b5aa0fbd538984f6e3d201be0005b4463d8b09f8",
        "type": "github"
      },
      "original": {
        "owner": "NixOS",
        "repo": "nixpkgs",
        "rev": "b5aa0fbd538984f6e3d201be0005b4463d8b09f8",
        "type": "github"
      }
    },
    "nixpkgs_2": {
      "locked": {
        "lastModified": 1759036355,
        "narHash": "sha256-0m27AKv6ka+q270dw48KflE0LwQYrO7Fm4/2//KCVWg=",
        "owner": "NixOS",
        "repo": "nixpkgs",
        "rev": "e9f00bd893984bc8ce46c895c3bf7cac95331127",
        "type": "github"
      },
      "original": {
        "owner": "NixOS",
        "ref": "nixos-unstable",
        "repo": "nixpkgs",
        "type": "github"
      }
    },
    "root": {
      "inputs": {
        "logos-cpp-sdk": "logos-cpp-sdk",
        "logos-nix": "logos-nix",
        "logos-plugin-qt": "logos-plugin-qt",
        "logos-protocol": "logos-protocol_2",
        "nixpkgs": [
          "logos-nix",
          "nixpkgs"
        ]
      }
    }
  },
  "root": "root",
  "version": 7
}
